# New films for Sandra Bullock. Scales and anchors are in README.md ("The anchor rubric").
#
# Gravity already exists in clooney.yaml (a genuine dual lead) — tagged before she had an entity.

- id: speed
  tmdb_id: null
  title: Speed
  year: 1994
  runtime: 116
  director: Jan de Bont
  tags: { opacity: 1, stillness: 1, bleakness: 2, humor: 2, acclaim: 0.75 }
  content: { sexual_violence: false, animal_harm: false, child_harm: false, suicide: false, violence: 2, sex: 0 }
  imdb_id: tt0111257
  poster_url: https://m.media-amazon.com/images/M/MV5BMDc2ODI5YWQtMmM2ZS00MTdmLWEyNWEtNmRmOGE5NGZlYWMzXkEyXkFqcGc@._V1_SX300.jpg

- id: miss-congeniality
  tmdb_id: null
  title: Miss Congeniality
  year: 2000
  runtime: 110
  director: Donald Petrie
  tags: { opacity: 1, stillness: 1, bleakness: 1, humor: 4, acclaim: 0.65 }
  content: { sexual_violence: false, animal_harm: false, child_harm: false, suicide: false, violence: 1, sex: 0 }
  imdb_id: tt0212346
  poster_url: https://m.media-amazon.com/images/M/MV5BZjMzOWU2MGQtM2Y2Mi00YzgwLTllOGYtNzJlNmU2OTM1MmJjXkEyXkFqcGc@._V1_SX300.jpg

- id: while-you-were-sleeping
  tmdb_id: null
  title: While You Were Sleeping
  year: 1995
  runtime: 103
  director: Jon Turteltaub
  tags: { opacity: 1, stillness: 2, bleakness: 2, humor: 3, acclaim: 0.68 }
  content: { sexual_violence: false, animal_harm: false, child_harm: false, suicide: false, violence: 0, sex: 0 }
  imdb_id: tt0114924
  poster_url: https://m.media-amazon.com/images/M/MV5BZTJmOWIzY2YtYmE2ZC00NDRiLWIzYmMtNTkyNmNlMTA0N2NkXkEyXkFqcGc@._V1_SX300.jpg

- id: oceans-eight
  tmdb_id: null
  title: Ocean's Eight
  year: 2018
  runtime: 110
  director: Gary Ross
  tags: { opacity: 1, stillness: 1, bleakness: 1, humor: 3, acclaim: 0.65 }
  content: { sexual_violence: false, animal_harm: false, child_harm: false, suicide: false, violence: 0, sex: 0 }
  imdb_id: tt5164214
  poster_url: https://m.media-amazon.com/images/M/MV5BMjAyNDEyMzc4Ml5BMl5BanBnXkFtZTgwMjEzNjM0NTM@._V1_SX300.jpg

- id: crash-2004
  tmdb_id: null
  title: Crash
  year: 2004
  runtime: 112
  director: Paul Haggis
  tags: { opacity: 1, stillness: 2, bleakness: 5, humor: 1, acclaim: 0.68 }
  content: { sexual_violence: false, animal_harm: false, child_harm: false, suicide: false, violence: 2, sex: 0 }
  imdb_id: tt0375679
  poster_url: https://m.media-amazon.com/images/M/MV5BOTk1OTA1MjIyNV5BMl5BanBnXkFtZTcwODQxMTkyMQ@@._V1_SX300.jpg

- id: the-blind-side
  tmdb_id: null
  title: The Blind Side
  year: 2009
  runtime: 129
  director: John Lee Hancock
  tags: { opacity: 1, stillness: 2, bleakness: 2, humor: 2, acclaim: 0.72 }
  content: { sexual_violence: false, animal_harm: false, child_harm: false, suicide: false, violence: 0, sex: 0 }
  imdb_id: tt0878804
  poster_url: https://m.media-amazon.com/images/M/MV5BMjEzOTE3ODM3OF5BMl5BanBnXkFtZTcwMzYyODI4Mg@@._V1_SX300.jpg

- id: the-proposal
  tmdb_id: null
  title: The Proposal
  year: 2009
  runtime: 108
  director: Anne Fletcher
  tags: { opacity: 1, stillness: 2, bleakness: 1, humor: 4, acclaim: 0.62 }
  content: { sexual_violence: false, animal_harm: false, child_harm: false, suicide: false, violence: 0, sex: 1 }
  imdb_id: tt1041829
  poster_url: https://m.media-amazon.com/images/M/MV5BYWU3ZmFhYTktNzU4NS00ZTEyLTkwNTYtMWE1M2JjMTFmODVkXkEyXkFqcGc@._V1_SX300.jpg

- id: bird-box
  tmdb_id: null
  title: Bird Box
  year: 2018
  runtime: 124
  director: Susanne Bier
  tags:
    opacity: 3 # never reveals what the creatures actually look like or fully are
    stillness: 2
    bleakness: 5
    humor: 1
    acclaim: 0.62
  content: { sexual_violence: false, animal_harm: false, child_harm: true, suicide: true, violence: 2, sex: 0 }
  imdb_id: tt2737304
  poster_url: https://m.media-amazon.com/images/M/MV5BMjAzMTI1MjMyN15BMl5BanBnXkFtZTgwNzU5MTE2NjM@._V1_SX300.jpg
